
Microsoft Visual Studio Solution File, Format Version 12.00
# Visual Studio Version 17
VisualStudioVersion = 17.2.32414.248
MinimumVisualStudioVersion = 10.0.40219.1
Project("{9A19103F-16F7-4668-BE54-9A1E7A4F7556}") = "RefugeeLand.Core.Api", "RefugeeLand.Core.Api\RefugeeLand.Core.Api.csproj", "{C63834E9-10BE-4645-84C8-795C1A3409A4}"
EndProject
Project("{9A19103F-16F7-4668-BE54-9A1E7A4F7556}") = "RefugeeLand.Core.Api.Infrastructure.Build", "RefugeeLand.Core.Api.Infrastructure.Build\RefugeeLand.Core.Api.Infrastructure.Build.csproj", "{ABB0CFF8-06FC-47CC-A699-CA28C2B9B0DD}"
EndProject
Project("{9A19103F-16F7-4668-BE54-9A1E7A4F7556}") = "RefugeeLand.Core.Api.Tests.Unit", "RefugeeLand.Core.Api.Tests.Unit\RefugeeLand.Core.Api.Tests.Unit.csproj", "{40F0933D-18CA-430C-9D61-A4F738B72495}"
EndProject
Global
	GlobalSection(SolutionConfigurationPlatforms) = preSolution
		Debug|Any CPU = Debug|Any CPU
		Release|Any CPU = Release|Any CPU
	EndGlobalSection
	GlobalSection(ProjectConfigurationPlatforms) = postSolution
		{C63834E9-10BE-4645-84C8-795C1A3409A4}.Debug|Any CPU.ActiveCfg = Debug|Any CPU
		{C63834E9-10BE-4645-84C8-795C1A3409A4}.Debug|Any CPU.Build.0 = Debug|Any CPU
		{C63834E9-10BE-4645-84C8-795C1A3409A4}.Release|Any CPU.ActiveCfg = Release|Any CPU
		{C63834E9-10BE-4645-84C8-795C1A3409A4}.Release|Any CPU.Build.0 = Release|Any CPU
		{ABB0CFF8-06FC-47CC-A699-CA28C2B9B0DD}.Debug|Any CPU.ActiveCfg = Debug|Any CPU
		{ABB0CFF8-06FC-47CC-A699-CA28C2B9B0DD}.Debug|Any CPU.Build.0 = Debug|Any CPU
		{ABB0CFF8-06FC-47CC-A699-CA28C2B9B0DD}.Release|Any CPU.ActiveCfg = Release|Any CPU
		{ABB0CFF8-06FC-47CC-A699-CA28C2B9B0DD}.Release|Any CPU.Build.0 = Release|Any CPU
		{40F0933D-18CA-430C-9D61-A4F738B72495}.Debug|Any CPU.ActiveCfg = Debug|Any CPU
		{40F0933D-18CA-430C-9D61-A4F738B72495}.Debug|Any CPU.Build.0 = Debug|Any CPU
		{40F0933D-18CA-430C-9D61-A4F738B72495}.Release|Any CPU.ActiveCfg = Release|Any CPU
		{40F0933D-18CA-430C-9D61-A4F738B72495}.Release|Any CPU.Build.0 = Release|Any CPU
	EndGlobalSection
	GlobalSection(SolutionProperties) = preSolution
		HideSolutionNode = FALSE
	EndGlobalSection
	GlobalSection(ExtensibilityGlobals) = postSolution
		SolutionGuid = {721FC2BD-A951-4F8F-A921-5B00D5D88146}
	EndGlobalSection
EndGlobal
