
Microsoft Visual Studio Solution File, Format Version 12.00
Project("{FAE04EC0-301F-11D3-BF4B-00C04F79EFBC}") = "Refugee.Core.Api", "Refugee.Core.Api\Refugee.Core.Api.csproj", "{C63834E9-10BE-4645-84C8-795C1A3409A4}"
EndProject
Global
	GlobalSection(SolutionConfigurationPlatforms) = preSolution
		Debug|Any CPU = Debug|Any CPU
		Release|Any CPU = Release|Any CPU
	EndGlobalSection
	GlobalSection(ProjectConfigurationPlatforms) = postSolution
		{C63834E9-10BE-4645-84C8-795C1A3409A4}.Debug|Any CPU.ActiveCfg = Debug|Any CPU
		{C63834E9-10BE-4645-84C8-795C1A3409A4}.Debug|Any CPU.Build.0 = Debug|Any CPU
		{C63834E9-10BE-4645-84C8-795C1A3409A4}.Release|Any CPU.ActiveCfg = Release|Any CPU
		{C63834E9-10BE-4645-84C8-795C1A3409A4}.Release|Any CPU.Build.0 = Release|Any CPU
	EndGlobalSection
EndGlobal
