
Microsoft Visual Studio Solution File, Format Version 12.00
# Visual Studio Version 17
VisualStudioVersion = 17.2.32414.248
MinimumVisualStudioVersion = 10.0.40219.1
Project("{9A19103F-16F7-4668-BE54-9A1E7A4F7556}") = "Refugee.Core.Api", "Refugee.Core.Api\Refugee.Core.Api.csproj", "{C63834E9-10BE-4645-84C8-795C1A3409A4}"
EndProject
Project("{9A19103F-16F7-4668-BE54-9A1E7A4F7556}") = "Refugee.Core.Api.Infrastructure.Build", "Refugee.Core.Api.Infrastructure.Build\Refugee.Core.Api.Infrastructure.Build.csproj", "{ABB0CFF8-06FC-47CC-A699-CA28C2B9B0DD}"
EndProject
Project("{FAE04EC0-301F-11D3-BF4B-00C04F79EFBC}") = "Refugee.Core.Test.Unit", "Refugee.Core.Test.Unit\Refugee.Core.Test.Unit.csproj", "{CD9049A9-1066-485D-B14F-CAC9EC0235C6}"
EndProject
Project("{FAE04EC0-301F-11D3-BF4B-00C04F79EFBC}") = "Refugee.Core.Test.Acceptance", "Refugee.Core.Test.Acceptance\Refugee.Core.Test.Acceptance.csproj", "{6799E460-3A40-4D21-BF71-536EBC3D173E}"
EndProject
Global
	GlobalSection(SolutionConfigurationPlatforms) = preSolution
		Debug|Any CPU = Debug|Any CPU
		Release|Any CPU = Release|Any CPU
	EndGlobalSection
	GlobalSection(ProjectConfigurationPlatforms) = postSolution
		{C63834E9-10BE-4645-84C8-795C1A3409A4}.Debug|Any CPU.ActiveCfg = Debug|Any CPU
		{C63834E9-10BE-4645-84C8-795C1A3409A4}.Debug|Any CPU.Build.0 = Debug|Any CPU
		{C63834E9-10BE-4645-84C8-795C1A3409A4}.Release|Any CPU.ActiveCfg = Release|Any CPU
		{C63834E9-10BE-4645-84C8-795C1A3409A4}.Release|Any CPU.Build.0 = Release|Any CPU
		{ABB0CFF8-06FC-47CC-A699-CA28C2B9B0DD}.Debug|Any CPU.ActiveCfg = Debug|Any CPU
		{ABB0CFF8-06FC-47CC-A699-CA28C2B9B0DD}.Debug|Any CPU.Build.0 = Debug|Any CPU
		{ABB0CFF8-06FC-47CC-A699-CA28C2B9B0DD}.Release|Any CPU.ActiveCfg = Release|Any CPU
		{ABB0CFF8-06FC-47CC-A699-CA28C2B9B0DD}.Release|Any CPU.Build.0 = Release|Any CPU
		{CD9049A9-1066-485D-B14F-CAC9EC0235C6}.Debug|Any CPU.ActiveCfg = Debug|Any CPU
		{CD9049A9-1066-485D-B14F-CAC9EC0235C6}.Debug|Any CPU.Build.0 = Debug|Any CPU
		{CD9049A9-1066-485D-B14F-CAC9EC0235C6}.Release|Any CPU.ActiveCfg = Release|Any CPU
		{CD9049A9-1066-485D-B14F-CAC9EC0235C6}.Release|Any CPU.Build.0 = Release|Any CPU
		{6799E460-3A40-4D21-BF71-536EBC3D173E}.Debug|Any CPU.ActiveCfg = Debug|Any CPU
		{6799E460-3A40-4D21-BF71-536EBC3D173E}.Debug|Any CPU.Build.0 = Debug|Any CPU
		{6799E460-3A40-4D21-BF71-536EBC3D173E}.Release|Any CPU.ActiveCfg = Release|Any CPU
		{6799E460-3A40-4D21-BF71-536EBC3D173E}.Release|Any CPU.Build.0 = Release|Any CPU
	EndGlobalSection
	GlobalSection(SolutionProperties) = preSolution
		HideSolutionNode = FALSE
	EndGlobalSection
	GlobalSection(ExtensibilityGlobals) = postSolution
		SolutionGuid = {721FC2BD-A951-4F8F-A921-5B00D5D88146}
	EndGlobalSection
EndGlobal
